{
  "name": "test-keepsmiling",
  "version": "1.0.0",
  "lockfileVersion": 1,
  "requires": true,
  "dependencies": {
    "keepsmiling": {
      "version": "1.2.0",
      "resolved": "https://registry.npmjs.org/keepsmiling/-/keepsmiling-1.2.0.tgz",
      "integrity": "sha512-8j+4Zj3haGI1JajvKdSRxU7f4zB227+CUU0DiawEvFspu2O6UMQOdugnwcUHaFjD83fClAjK1SEcdBsFbwkeaw==",
      "dev": true
    }
  }
}
