{
  "name": "test-keepsmiling",
  "version": "1.0.0",
  "lockfileVersion": 1,
  "requires": true,
  "dependencies": {
    "keepsmiling": {
      "version": "1.1.0",
      "resolved": "https://registry.npmjs.org/keepsmiling/-/keepsmiling-1.1.0.tgz",
      "integrity": "sha512-aXo3u5pFBNQMh9ksu8jXl3dn1oXhMPXBeY3LwYyVQDRG+Q+DrRik2TeuMa8Pxd4HNV56iEgWm4pdyfJVzYsdhA=="
    }
  }
}
